
Microsoft Visual Studio Solution File, Format Version 12.00
# Visual Studio Version 17
VisualStudioVersion = 17.11.35312.102
MinimumVisualStudioVersion = 10.0.40219.1
Project("{9A19103F-16F7-4668-BE54-9A1E7A4F7556}") = "Aufgabe_01", "Aufgabe_01\Aufgabe_01.csproj", "{4BFA90A0-AF8E-471C-B5FA-309A9919C6CC}"
EndProject
Project("{9A19103F-16F7-4668-BE54-9A1E7A4F7556}") = "Aufgabe_02", "Aufgabe_02\Aufgabe_02.csproj", "{79ECA521-22A4-4920-BF86-B0823A39E46C}"
EndProject
Project("{9A19103F-16F7-4668-BE54-9A1E7A4F7556}") = "Aufgabe_03", "Aufgabe_03\Aufgabe_03.csproj", "{0915C5B8-F8E3-4B8F-9F24-863F0C03D72F}"
EndProject
Project("{9A19103F-16F7-4668-BE54-9A1E7A4F7556}") = "Aufgabe_04", "Aufgabe_04\Aufgabe_04.csproj", "{463EF3E8-4B8B-4E3C-8F36-848DDCEFAF8C}"
EndProject
Project("{9A19103F-16F7-4668-BE54-9A1E7A4F7556}") = "Aufgabe_05", "Aufgabe_05\Aufgabe_05.csproj", "{75A95E7C-D1F4-4B40-8F8B-9D5BDB9521CA}"
EndProject
Project("{9A19103F-16F7-4668-BE54-9A1E7A4F7556}") = "Aufgabe_06", "Aufgabe_06\Aufgabe_06.csproj", "{F466520B-D234-4A48-AAD0-451513FEC83D}"
EndProject
Project("{9A19103F-16F7-4668-BE54-9A1E7A4F7556}") = "Aufgabe_07", "Aufgabe_07\Aufgabe_07.csproj", "{B6239E7F-41DA-4EA2-8D98-083ADF3EA406}"
EndProject
Project("{9A19103F-16F7-4668-BE54-9A1E7A4F7556}") = "Aufgabe_08", "Aufgabe_08\Aufgabe_08.csproj", "{FB3ADBB0-B68C-40AE-A7F9-1AED3D5EA276}"
EndProject
Project("{9A19103F-16F7-4668-BE54-9A1E7A4F7556}") = "Aufgabe_09", "Aufgabe_09\Aufgabe_09.csproj", "{6C29EF7B-7A7F-4C6C-87A6-9A96BE611697}"
EndProject
Project("{9A19103F-16F7-4668-BE54-9A1E7A4F7556}") = "Aufgabe_10", "Aufgabe_10\Aufgabe_10.csproj", "{8DE63B20-477A-4343-89B1-389CB8677C02}"
EndProject
Project("{9A19103F-16F7-4668-BE54-9A1E7A4F7556}") = "Aufgabe_11", "Aufgabe_11\Aufgabe_11.csproj", "{79B80A70-F323-4B0E-8915-D7E3A77F4372}"
EndProject
Project("{9A19103F-16F7-4668-BE54-9A1E7A4F7556}") = "Aufgabe_13", "Aufgabe_12\Aufgabe_13.csproj", "{7E17480B-DEA1-4878-85E5-8B686DF84711}"
EndProject
Project("{9A19103F-16F7-4668-BE54-9A1E7A4F7556}") = "Aufgabe_14", "Aufgabe_14\Aufgabe_14.csproj", "{18F85192-3021-4EC9-9F13-548E64FA2ED4}"
EndProject
Project("{9A19103F-16F7-4668-BE54-9A1E7A4F7556}") = "Aufgabe_15", "Aufgabe_15\Aufgabe_15.csproj", "{E6644585-48DC-45ED-A1D3-4ACE8728FDB4}"
EndProject
Project("{9A19103F-16F7-4668-BE54-9A1E7A4F7556}") = "Aufgabe_16", "Aufgabe_16\Aufgabe_16.csproj", "{C5F2C96B-9578-49F0-A5F9-BC838515E080}"
EndProject
Project("{9A19103F-16F7-4668-BE54-9A1E7A4F7556}") = "Aufgabe_17", "Aufgabe_17\Aufgabe_17.csproj", "{8A281C3E-FFFE-45FE-B006-20E126A0995C}"
EndProject
Project("{9A19103F-16F7-4668-BE54-9A1E7A4F7556}") = "Aufgabe_18", "Aufgabe_18\Aufgabe_18.csproj", "{645B3141-604D-4D6C-B5AA-981C4C283D4E}"
EndProject
Project("{9A19103F-16F7-4668-BE54-9A1E7A4F7556}") = "Aufgabe_19", "Aufgabe_19\Aufgabe_19.csproj", "{BFA3C937-A2E7-4127-8FE0-296A5A30E80E}"
EndProject
Project("{FAE04EC0-301F-11D3-BF4B-00C04F79EFBC}") = "Memorie", "Memorie\Memorie.csproj", "{6388CBE1-25B0-4A6E-8F7A-D5BFD9DF376B}"
EndProject
Global
	GlobalSection(SolutionConfigurationPlatforms) = preSolution
		Debug|Any CPU = Debug|Any CPU
		Release|Any CPU = Release|Any CPU
	EndGlobalSection
	GlobalSection(ProjectConfigurationPlatforms) = postSolution
		{4BFA90A0-AF8E-471C-B5FA-309A9919C6CC}.Debug|Any CPU.ActiveCfg = Debug|Any CPU
		{4BFA90A0-AF8E-471C-B5FA-309A9919C6CC}.Debug|Any CPU.Build.0 = Debug|Any CPU
		{4BFA90A0-AF8E-471C-B5FA-309A9919C6CC}.Release|Any CPU.ActiveCfg = Release|Any CPU
		{4BFA90A0-AF8E-471C-B5FA-309A9919C6CC}.Release|Any CPU.Build.0 = Release|Any CPU
		{79ECA521-22A4-4920-BF86-B0823A39E46C}.Debug|Any CPU.ActiveCfg = Debug|Any CPU
		{79ECA521-22A4-4920-BF86-B0823A39E46C}.Debug|Any CPU.Build.0 = Debug|Any CPU
		{79ECA521-22A4-4920-BF86-B0823A39E46C}.Release|Any CPU.ActiveCfg = Release|Any CPU
		{79ECA521-22A4-4920-BF86-B0823A39E46C}.Release|Any CPU.Build.0 = Release|Any CPU
		{0915C5B8-F8E3-4B8F-9F24-863F0C03D72F}.Debug|Any CPU.ActiveCfg = Debug|Any CPU
		{0915C5B8-F8E3-4B8F-9F24-863F0C03D72F}.Debug|Any CPU.Build.0 = Debug|Any CPU
		{0915C5B8-F8E3-4B8F-9F24-863F0C03D72F}.Release|Any CPU.ActiveCfg = Release|Any CPU
		{0915C5B8-F8E3-4B8F-9F24-863F0C03D72F}.Release|Any CPU.Build.0 = Release|Any CPU
		{463EF3E8-4B8B-4E3C-8F36-848DDCEFAF8C}.Debug|Any CPU.ActiveCfg = Debug|Any CPU
		{463EF3E8-4B8B-4E3C-8F36-848DDCEFAF8C}.Debug|Any CPU.Build.0 = Debug|Any CPU
		{463EF3E8-4B8B-4E3C-8F36-848DDCEFAF8C}.Release|Any CPU.ActiveCfg = Release|Any CPU
		{463EF3E8-4B8B-4E3C-8F36-848DDCEFAF8C}.Release|Any CPU.Build.0 = Release|Any CPU
		{75A95E7C-D1F4-4B40-8F8B-9D5BDB9521CA}.Debug|Any CPU.ActiveCfg = Debug|Any CPU
		{75A95E7C-D1F4-4B40-8F8B-9D5BDB9521CA}.Debug|Any CPU.Build.0 = Debug|Any CPU
		{75A95E7C-D1F4-4B40-8F8B-9D5BDB9521CA}.Release|Any CPU.ActiveCfg = Release|Any CPU
		{75A95E7C-D1F4-4B40-8F8B-9D5BDB9521CA}.Release|Any CPU.Build.0 = Release|Any CPU
		{F466520B-D234-4A48-AAD0-451513FEC83D}.Debug|Any CPU.ActiveCfg = Debug|Any CPU
		{F466520B-D234-4A48-AAD0-451513FEC83D}.Debug|Any CPU.Build.0 = Debug|Any CPU
		{F466520B-D234-4A48-AAD0-451513FEC83D}.Release|Any CPU.ActiveCfg = Release|Any CPU
		{F466520B-D234-4A48-AAD0-451513FEC83D}.Release|Any CPU.Build.0 = Release|Any CPU
		{B6239E7F-41DA-4EA2-8D98-083ADF3EA406}.Debug|Any CPU.ActiveCfg = Debug|Any CPU
		{B6239E7F-41DA-4EA2-8D98-083ADF3EA406}.Debug|Any CPU.Build.0 = Debug|Any CPU
		{B6239E7F-41DA-4EA2-8D98-083ADF3EA406}.Release|Any CPU.ActiveCfg = Release|Any CPU
		{B6239E7F-41DA-4EA2-8D98-083ADF3EA406}.Release|Any CPU.Build.0 = Release|Any CPU
		{FB3ADBB0-B68C-40AE-A7F9-1AED3D5EA276}.Debug|Any CPU.ActiveCfg = Debug|Any CPU
		{FB3ADBB0-B68C-40AE-A7F9-1AED3D5EA276}.Debug|Any CPU.Build.0 = Debug|Any CPU
		{FB3ADBB0-B68C-40AE-A7F9-1AED3D5EA276}.Release|Any CPU.ActiveCfg = Release|Any CPU
		{FB3ADBB0-B68C-40AE-A7F9-1AED3D5EA276}.Release|Any CPU.Build.0 = Release|Any CPU
		{6C29EF7B-7A7F-4C6C-87A6-9A96BE611697}.Debug|Any CPU.ActiveCfg = Debug|Any CPU
		{6C29EF7B-7A7F-4C6C-87A6-9A96BE611697}.Debug|Any CPU.Build.0 = Debug|Any CPU
		{6C29EF7B-7A7F-4C6C-87A6-9A96BE611697}.Release|Any CPU.ActiveCfg = Release|Any CPU
		{6C29EF7B-7A7F-4C6C-87A6-9A96BE611697}.Release|Any CPU.Build.0 = Release|Any CPU
		{8DE63B20-477A-4343-89B1-389CB8677C02}.Debug|Any CPU.ActiveCfg = Debug|Any CPU
		{8DE63B20-477A-4343-89B1-389CB8677C02}.Debug|Any CPU.Build.0 = Debug|Any CPU
		{8DE63B20-477A-4343-89B1-389CB8677C02}.Release|Any CPU.ActiveCfg = Release|Any CPU
		{8DE63B20-477A-4343-89B1-389CB8677C02}.Release|Any CPU.Build.0 = Release|Any CPU
		{79B80A70-F323-4B0E-8915-D7E3A77F4372}.Debug|Any CPU.ActiveCfg = Debug|Any CPU
		{79B80A70-F323-4B0E-8915-D7E3A77F4372}.Debug|Any CPU.Build.0 = Debug|Any CPU
		{79B80A70-F323-4B0E-8915-D7E3A77F4372}.Release|Any CPU.ActiveCfg = Release|Any CPU
		{79B80A70-F323-4B0E-8915-D7E3A77F4372}.Release|Any CPU.Build.0 = Release|Any CPU
		{7E17480B-DEA1-4878-85E5-8B686DF84711}.Debug|Any CPU.ActiveCfg = Debug|Any CPU
		{7E17480B-DEA1-4878-85E5-8B686DF84711}.Debug|Any CPU.Build.0 = Debug|Any CPU
		{7E17480B-DEA1-4878-85E5-8B686DF84711}.Release|Any CPU.ActiveCfg = Release|Any CPU
		{7E17480B-DEA1-4878-85E5-8B686DF84711}.Release|Any CPU.Build.0 = Release|Any CPU
		{18F85192-3021-4EC9-9F13-548E64FA2ED4}.Debug|Any CPU.ActiveCfg = Debug|Any CPU
		{18F85192-3021-4EC9-9F13-548E64FA2ED4}.Debug|Any CPU.Build.0 = Debug|Any CPU
		{18F85192-3021-4EC9-9F13-548E64FA2ED4}.Release|Any CPU.ActiveCfg = Release|Any CPU
		{18F85192-3021-4EC9-9F13-548E64FA2ED4}.Release|Any CPU.Build.0 = Release|Any CPU
		{E6644585-48DC-45ED-A1D3-4ACE8728FDB4}.Debug|Any CPU.ActiveCfg = Debug|Any CPU
		{E6644585-48DC-45ED-A1D3-4ACE8728FDB4}.Debug|Any CPU.Build.0 = Debug|Any CPU
		{E6644585-48DC-45ED-A1D3-4ACE8728FDB4}.Release|Any CPU.ActiveCfg = Release|Any CPU
		{E6644585-48DC-45ED-A1D3-4ACE8728FDB4}.Release|Any CPU.Build.0 = Release|Any CPU
		{C5F2C96B-9578-49F0-A5F9-BC838515E080}.Debug|Any CPU.ActiveCfg = Debug|Any CPU
		{C5F2C96B-9578-49F0-A5F9-BC838515E080}.Debug|Any CPU.Build.0 = Debug|Any CPU
		{C5F2C96B-9578-49F0-A5F9-BC838515E080}.Release|Any CPU.ActiveCfg = Release|Any CPU
		{C5F2C96B-9578-49F0-A5F9-BC838515E080}.Release|Any CPU.Build.0 = Release|Any CPU
		{8A281C3E-FFFE-45FE-B006-20E126A0995C}.Debug|Any CPU.ActiveCfg = Debug|Any CPU
		{8A281C3E-FFFE-45FE-B006-20E126A0995C}.Debug|Any CPU.Build.0 = Debug|Any CPU
		{8A281C3E-FFFE-45FE-B006-20E126A0995C}.Release|Any CPU.ActiveCfg = Release|Any CPU
		{8A281C3E-FFFE-45FE-B006-20E126A0995C}.Release|Any CPU.Build.0 = Release|Any CPU
		{645B3141-604D-4D6C-B5AA-981C4C283D4E}.Debug|Any CPU.ActiveCfg = Debug|Any CPU
		{645B3141-604D-4D6C-B5AA-981C4C283D4E}.Debug|Any CPU.Build.0 = Debug|Any CPU
		{645B3141-604D-4D6C-B5AA-981C4C283D4E}.Release|Any CPU.ActiveCfg = Release|Any CPU
		{645B3141-604D-4D6C-B5AA-981C4C283D4E}.Release|Any CPU.Build.0 = Release|Any CPU
		{BFA3C937-A2E7-4127-8FE0-296A5A30E80E}.Debug|Any CPU.ActiveCfg = Debug|Any CPU
		{BFA3C937-A2E7-4127-8FE0-296A5A30E80E}.Debug|Any CPU.Build.0 = Debug|Any CPU
		{BFA3C937-A2E7-4127-8FE0-296A5A30E80E}.Release|Any CPU.ActiveCfg = Release|Any CPU
		{BFA3C937-A2E7-4127-8FE0-296A5A30E80E}.Release|Any CPU.Build.0 = Release|Any CPU
		{6388CBE1-25B0-4A6E-8F7A-D5BFD9DF376B}.Debug|Any CPU.ActiveCfg = Debug|Any CPU
		{6388CBE1-25B0-4A6E-8F7A-D5BFD9DF376B}.Debug|Any CPU.Build.0 = Debug|Any CPU
		{6388CBE1-25B0-4A6E-8F7A-D5BFD9DF376B}.Release|Any CPU.ActiveCfg = Release|Any CPU
		{6388CBE1-25B0-4A6E-8F7A-D5BFD9DF376B}.Release|Any CPU.Build.0 = Release|Any CPU
	EndGlobalSection
	GlobalSection(SolutionProperties) = preSolution
		HideSolutionNode = FALSE
	EndGlobalSection
	GlobalSection(ExtensibilityGlobals) = postSolution
		SolutionGuid = {3FAF729E-8245-415F-A066-A758132E98AC}
	EndGlobalSection
EndGlobal
